
Microsoft Visual Studio Solution File, Format Version 12.00
# Visual Studio 15
VisualStudioVersion = 15.0.27703.2035
MinimumVisualStudioVersion = 10.0.40219.1
Project("{FAE04EC0-301F-11D3-BF4B-00C04F79EFBC}") = "cobOpus", "cobOpus.csproj", "{4873A56E-F545-4C1F-813B-C70F36C41749}"
EndProject
Global
	GlobalSection(SolutionConfigurationPlatforms) = preSolution
		Debug|Any CPU = Debug|Any CPU
		Release|Any CPU = Release|Any CPU
	EndGlobalSection
	GlobalSection(ProjectConfigurationPlatforms) = postSolution
		{4873A56E-F545-4C1F-813B-C70F36C41749}.Debug|Any CPU.ActiveCfg = Debug|Any CPU
		{4873A56E-F545-4C1F-813B-C70F36C41749}.Debug|Any CPU.Build.0 = Debug|Any CPU
		{4873A56E-F545-4C1F-813B-C70F36C41749}.Release|Any CPU.ActiveCfg = Release|Any CPU
		{4873A56E-F545-4C1F-813B-C70F36C41749}.Release|Any CPU.Build.0 = Release|Any CPU
	EndGlobalSection
	GlobalSection(SolutionProperties) = preSolution
		HideSolutionNode = FALSE
	EndGlobalSection
	GlobalSection(ExtensibilityGlobals) = postSolution
		SolutionGuid = {B58EA3B8-3948-44A5-9393-8C5C5F00F71C}
	EndGlobalSection
EndGlobal
